<?xml version="1.0" encoding="utf-8"?>
<Project ToolsVersion="4.0" xmlns="http://schemas.microsoft.com/developer/msbuild/2003">
  <ItemGroup>
    <Filter Include="Source Files">
      <UniqueIdentifier>{4FC737F1-C7A5-4376-A066-2A32D752A2FF}</UniqueIdentifier>
      <Extensions>cpp;c;cc;cxx;def;odl;idl;hpj;bat;asm;asmx</Extensions>
    </Filter>
    <Filter Include="Header Files">
      <UniqueIdentifier>{93995380-89BD-4b04-88EB-625FBE52EBFB}</UniqueIdentifier>
      <Extensions>h;hh;hpp;hxx;hm;inl;inc;xsd</Extensions>
    </Filter>
    <Filter Include="Resource Files">
      <UniqueIdentifier>{67DA6AB6-F800-4c08-8B7A-83BB121AAD01}</UniqueIdentifier>
      <Extensions>qrc;rc;ico;cur;bmp;dlg;rc2;rct;bin;rgs;gif;jpg;jpeg;jpe;resx;tiff;tif;png;wav;mfcribbon-ms</Extensions>
    </Filter>
    <Filter Include="Form Files">
      <UniqueIdentifier>{99349809-55BA-4b9d-BF79-8FDBB0286EB3}</UniqueIdentifier>
      <Extensions>ui</Extensions>
    </Filter>
    <Filter Include="Translation Files">
      <UniqueIdentifier>{639EADAA-A684-42e4-A9AD-28FC9BCB8F7C}</UniqueIdentifier>
      <Extensions>ts</Extensions>
    </Filter>
  </ItemGroup>
  <ItemGroup>
    <QtRcc Include="onedrive.qrc">
      <Filter>Resource Files</Filter>
    </QtRcc>
    <QtUic Include="onedrive.ui">
      <Filter>Form Files</Filter>
    </QtUic>
    <QtMoc Include="onedrive.h">
      <Filter>Header Files</Filter>
    </QtMoc>
  </ItemGroup>
  <ItemGroup>
    <ClCompile Include="main.cpp">
      <Filter>Source Files</Filter>
    </ClCompile>
    <ClCompile Include="onedrive.cpp">
      <Filter>Translation Files</Filter>
    </ClCompile>
    <ClCompile Include="user.cpp">
      <Filter>Source Files</Filter>
    </ClCompile>
    <ClCompile Include="onedrive_register.cpp">
      <Filter>Translation Files</Filter>
    </ClCompile>
    <ClCompile Include="DataBaseConnect.cpp">
      <Filter>Source Files</Filter>
    </ClCompile>
    <ClCompile Include="onedrive_mainwindow.cpp">
      <Filter>Translation Files</Filter>
    </ClCompile>
    <ClCompile Include="onedrive_file_explorer.cpp">
      <Filter>Translation Files</Filter>
    </ClCompile>
    <ClCompile Include="file.cpp">
      <Filter>Source Files</Filter>
    </ClCompile>
    <ClCompile Include="folder.cpp">
      <Filter>Source Files</Filter>
    </ClCompile>
    <ClCompile Include="server.cpp">
      <Filter>Source Files</Filter>
    </ClCompile>
    <ClCompile Include="Client.cpp">
      <Filter>Source Files</Filter>
    </ClCompile>
  </ItemGroup>
  <ItemGroup>
    <ClInclude Include="user.h">
      <Filter>Header Files</Filter>
    </ClInclude>
    <ClInclude Include="DataBaseConnect.h">
      <Filter>Header Files</Filter>
    </ClInclude>
    <ClInclude Include="file.h">
      <Filter>Header Files</Filter>
    </ClInclude>
    <ClInclude Include="folder.h">
      <Filter>Header Files</Filter>
    </ClInclude>
    <ClInclude Include="server.h">
      <Filter>Header Files</Filter>
    </ClInclude>
    <ClInclude Include="Client.h">
      <Filter>Header Files</Filter>
    </ClInclude>
  </ItemGroup>
  <ItemGroup>
    <QtUic Include="onedrive_register.ui">
      <Filter>Form Files</Filter>
    </QtUic>
    <QtUic Include="onedrive_mainwindow.ui">
      <Filter>Form Files</Filter>
    </QtUic>
    <QtUic Include="onedrive_file_explorer.ui">
      <Filter>Form Files</Filter>
    </QtUic>
  </ItemGroup>
  <ItemGroup>
    <QtMoc Include="onedrive_register.h">
      <Filter>Header Files</Filter>
    </QtMoc>
    <QtMoc Include="onedrive_mainwindow.h">
      <Filter>Header Files</Filter>
    </QtMoc>
    <QtMoc Include="onedrive_file_explorer.h">
      <Filter>Header Files</Filter>
    </QtMoc>
  </ItemGroup>
  <ItemGroup>
    <Image Include="BackgroundLoginImg.jpg">
      <Filter>Translation Files</Filter>
    </Image>
    <Image Include="FolderImage.jpg">
      <Filter>Translation Files</Filter>
    </Image>
    <Image Include="Logo.png">
      <Filter>Translation Files</Filter>
    </Image>
  </ItemGroup>
  <ItemGroup>
    <Text Include="appconfig.txt">
      <Filter>Source Files</Filter>
    </Text>
  </ItemGroup>
</Project>